
Microsoft Visual Studio Solution File, Format Version 12.00
Project("{FAE04EC0-301F-11D3-BF4B-00C04F79EFBC}") = "VulkanLib", "VulkanLib\VulkanLib.csproj", "{DB9A1455-E1CE-4606-B309-15CA48A426F5}"
EndProject
Project("{FAE04EC0-301F-11D3-BF4B-00C04F79EFBC}") = "VulkanLibTesting", "VulkanLibTesting\VulkanLibTesting.csproj", "{28677641-7C7D-4C0C-A5D2-A8880922D5AA}"
EndProject
Global
	GlobalSection(SolutionConfigurationPlatforms) = preSolution
		Debug|Any CPU = Debug|Any CPU
		Release|Any CPU = Release|Any CPU
	EndGlobalSection
	GlobalSection(ProjectConfigurationPlatforms) = postSolution
		{DB9A1455-E1CE-4606-B309-15CA48A426F5}.Debug|Any CPU.ActiveCfg = Debug|Any CPU
		{DB9A1455-E1CE-4606-B309-15CA48A426F5}.Debug|Any CPU.Build.0 = Debug|Any CPU
		{DB9A1455-E1CE-4606-B309-15CA48A426F5}.Release|Any CPU.ActiveCfg = Release|Any CPU
		{DB9A1455-E1CE-4606-B309-15CA48A426F5}.Release|Any CPU.Build.0 = Release|Any CPU
		{28677641-7C7D-4C0C-A5D2-A8880922D5AA}.Debug|Any CPU.ActiveCfg = Debug|Any CPU
		{28677641-7C7D-4C0C-A5D2-A8880922D5AA}.Debug|Any CPU.Build.0 = Debug|Any CPU
		{28677641-7C7D-4C0C-A5D2-A8880922D5AA}.Release|Any CPU.ActiveCfg = Release|Any CPU
		{28677641-7C7D-4C0C-A5D2-A8880922D5AA}.Release|Any CPU.Build.0 = Release|Any CPU
	EndGlobalSection
EndGlobal
